
Microsoft Visual Studio Solution File, Format Version 12.00
# Visual Studio 15
Project("{FAE04EC0-301F-11D3-BF4B-00C04F79EFBC}") = "Boxophobic.Utils.Editor", "Boxophobic.Utils.Editor.csproj", "{FB889607-DDED-9950-08DE-24E376D19283}"
EndProject
Project("{FAE04EC0-301F-11D3-BF4B-00C04F79EFBC}") = "Assembly-CSharp", "Assembly-CSharp.csproj", "{32C3BDE6-E125-3128-82C1-25D0441455A3}"
EndProject
Project("{FAE04EC0-301F-11D3-BF4B-00C04F79EFBC}") = "Boxophobic.Utils.Scripts", "Boxophobic.Utils.Scripts.csproj", "{BC39187D-7CAC-7E62-7A53-DE77F1463A2B}"
EndProject
Project("{FAE04EC0-301F-11D3-BF4B-00C04F79EFBC}") = "Assembly-CSharp-firstpass", "Assembly-CSharp-firstpass.csproj", "{6A2F10FE-0898-9C1C-9897-D62F3A6958CF}"
EndProject
Project("{FAE04EC0-301F-11D3-BF4B-00C04F79EFBC}") = "Boxophobic.SkyboxCubemapExtended.Editor", "Boxophobic.SkyboxCubemapExtended.Editor.csproj", "{54EC60AF-168F-2E77-3DC3-0FBBE9F43E21}"
EndProject
Project("{FAE04EC0-301F-11D3-BF4B-00C04F79EFBC}") = "Assembly-CSharp-Editor", "Assembly-CSharp-Editor.csproj", "{E8A91009-7186-A382-4FE4-3C21BA335F00}"
EndProject
Project("{FAE04EC0-301F-11D3-BF4B-00C04F79EFBC}") = "Unity.RenderPipelines.Universal.Config.Runtime", "Unity.RenderPipelines.Universal.Config.Runtime.csproj", "{2A3E7A2D-589D-93BB-4896-92CBAD8C0F5A}"
EndProject
Project("{FAE04EC0-301F-11D3-BF4B-00C04F79EFBC}") = "Unity.RenderPipelines.Universal.Config.Editor.Tests", "Unity.RenderPipelines.Universal.Config.Editor.Tests.csproj", "{F21E1328-2935-745C-9AAB-C13FCB671706}"
EndProject
Global
	GlobalSection(SolutionConfigurationPlatforms) = preSolution
		Debug|Any CPU = Debug|Any CPU
		Release|Any CPU = Release|Any CPU
	EndGlobalSection
	GlobalSection(ProjectConfigurationPlatforms) = postSolution
		{FB889607-DDED-9950-08DE-24E376D19283}.Debug|Any CPU.ActiveCfg = Debug|Any CPU
		{FB889607-DDED-9950-08DE-24E376D19283}.Debug|Any CPU.Build.0 = Debug|Any CPU
		{FB889607-DDED-9950-08DE-24E376D19283}.Release|Any CPU.ActiveCfg = Release|Any CPU
		{FB889607-DDED-9950-08DE-24E376D19283}.Release|Any CPU.Build.0 = Release|Any CPU
		{32C3BDE6-E125-3128-82C1-25D0441455A3}.Debug|Any CPU.ActiveCfg = Debug|Any CPU
		{32C3BDE6-E125-3128-82C1-25D0441455A3}.Debug|Any CPU.Build.0 = Debug|Any CPU
		{32C3BDE6-E125-3128-82C1-25D0441455A3}.Release|Any CPU.ActiveCfg = Release|Any CPU
		{32C3BDE6-E125-3128-82C1-25D0441455A3}.Release|Any CPU.Build.0 = Release|Any CPU
		{BC39187D-7CAC-7E62-7A53-DE77F1463A2B}.Debug|Any CPU.ActiveCfg = Debug|Any CPU
		{BC39187D-7CAC-7E62-7A53-DE77F1463A2B}.Debug|Any CPU.Build.0 = Debug|Any CPU
		{BC39187D-7CAC-7E62-7A53-DE77F1463A2B}.Release|Any CPU.ActiveCfg = Release|Any CPU
		{BC39187D-7CAC-7E62-7A53-DE77F1463A2B}.Release|Any CPU.Build.0 = Release|Any CPU
		{6A2F10FE-0898-9C1C-9897-D62F3A6958CF}.Debug|Any CPU.ActiveCfg = Debug|Any CPU
		{6A2F10FE-0898-9C1C-9897-D62F3A6958CF}.Debug|Any CPU.Build.0 = Debug|Any CPU
		{6A2F10FE-0898-9C1C-9897-D62F3A6958CF}.Release|Any CPU.ActiveCfg = Release|Any CPU
		{6A2F10FE-0898-9C1C-9897-D62F3A6958CF}.Release|Any CPU.Build.0 = Release|Any CPU
		{54EC60AF-168F-2E77-3DC3-0FBBE9F43E21}.Debug|Any CPU.ActiveCfg = Debug|Any CPU
		{54EC60AF-168F-2E77-3DC3-0FBBE9F43E21}.Debug|Any CPU.Build.0 = Debug|Any CPU
		{54EC60AF-168F-2E77-3DC3-0FBBE9F43E21}.Release|Any CPU.ActiveCfg = Release|Any CPU
		{54EC60AF-168F-2E77-3DC3-0FBBE9F43E21}.Release|Any CPU.Build.0 = Release|Any CPU
		{E8A91009-7186-A382-4FE4-3C21BA335F00}.Debug|Any CPU.ActiveCfg = Debug|Any CPU
		{E8A91009-7186-A382-4FE4-3C21BA335F00}.Debug|Any CPU.Build.0 = Debug|Any CPU
		{E8A91009-7186-A382-4FE4-3C21BA335F00}.Release|Any CPU.ActiveCfg = Release|Any CPU
		{E8A91009-7186-A382-4FE4-3C21BA335F00}.Release|Any CPU.Build.0 = Release|Any CPU
		{2A3E7A2D-589D-93BB-4896-92CBAD8C0F5A}.Debug|Any CPU.ActiveCfg = Debug|Any CPU
		{2A3E7A2D-589D-93BB-4896-92CBAD8C0F5A}.Debug|Any CPU.Build.0 = Debug|Any CPU
		{2A3E7A2D-589D-93BB-4896-92CBAD8C0F5A}.Release|Any CPU.ActiveCfg = Release|Any CPU
		{2A3E7A2D-589D-93BB-4896-92CBAD8C0F5A}.Release|Any CPU.Build.0 = Release|Any CPU
		{F21E1328-2935-745C-9AAB-C13FCB671706}.Debug|Any CPU.ActiveCfg = Debug|Any CPU
		{F21E1328-2935-745C-9AAB-C13FCB671706}.Debug|Any CPU.Build.0 = Debug|Any CPU
		{F21E1328-2935-745C-9AAB-C13FCB671706}.Release|Any CPU.ActiveCfg = Release|Any CPU
		{F21E1328-2935-745C-9AAB-C13FCB671706}.Release|Any CPU.Build.0 = Release|Any CPU
	EndGlobalSection
	GlobalSection(SolutionProperties) = preSolution
		HideSolutionNode = FALSE
	EndGlobalSection
EndGlobal
